PODS:
  - Flutter (1.0.0)
  - KeychainAccess (4.2.2)
  - smartid_flutter (1.0.0):
    - Flutter
    - KeychainAccess (= 4.2.2)

DEPENDENCIES:
  - Flutter (from `Flutter`)
  - smartid_flutter (from `.symlinks/plugins/smartid_flutter/ios`)

SPEC REPOS:
  trunk:
    - KeychainAccess

EXTERNAL SOURCES:
  Flutter:
    :path: Flutter
  smartid_flutter:
    :path: ".symlinks/plugins/smartid_flutter/ios"

SPEC CHECKSUMS:
  Flutter: e0871f40cf51350855a761d2e70bf5af5b9b5de7
  KeychainAccess: c0c4f7f38f6fc7bbe58f5702e25f7bd2f65abf51
  smartid_flutter: 2175fe83b294ad551d60e1bc15994489cd9b66b1

PODFILE CHECKSUM: c4c93c5f6502fe2754f48404d3594bf779584011

COCOAPODS: 1.14.3
